// !$*UTF8*$!
{
	archiveVersion = 1;
	classes = {
	};
	objectVersion = 48;
	objects = {

/* Begin PBXBuildFile section */
		CB9BE9A51FC8205B00490E7F /* AppDelegate.swift in Sources */ = {isa = PBXBuildFile; fileRef = CB9BE9A41FC8205B00490E7F /* AppDelegate.swift */; };
		CB9BE9A71FC8205B00490E7F /* ViewController.swift in Sources */ = {isa = PBXBuildFile; fileRef = CB9BE9A61FC8205B00490E7F /* ViewController.swift */; };
		CB9BE9AA1FC8205B00490E7F /* Main.storyboard in Resources */ = {isa = PBXBuildFile; fileRef = CB9BE9A81FC8205B00490E7F /* Main.storyboard */; };
		CB9BE9AC1FC8205B00490E7F /* Assets.xcassets in Resources */ = {isa = PBXBuildFile; fileRef = CB9BE9AB1FC8205B00490E7F /* Assets.xcassets */; };
		CB9BE9AF1FC8205B00490E7F /* LaunchScreen.storyboard in Resources */ = {isa = PBXBuildFile; fileRef = CB9BE9AD1FC8205B00490E7F /* LaunchScreen.storyboard */; };
/* End PBXBuildFile section */

/* Begin PBXFileReference section */
		CB9BE9A11FC8205B00490E7F /* FBAnimation.app */ = {isa = PBXFileReference; explicitFileType = wrapper.application; includeInIndex = 0; path = FBAnimation.app; sourceTree = BUILT_PRODUCTS_DIR; };
		CB9BE9A41FC8205B00490E7F /* AppDelegate.swift */ = {isa = PBXFileReference; lastKnownFileType = sourcecode.swift; path = AppDelegate.swift; sourceTree = "<group>"; };
		CB9BE9A61FC8205B00490E7F /* ViewController.swift */ = {isa = PBXFileReference; lastKnownFileType = sourcecode.swift; path = ViewController.swift; sourceTree = "<group>"; };
		CB9BE9A91FC8205B00490E7F /* Base */ = {isa = PBXFileReference; lastKnownFileType = file.storyboard; name = Base; path = Base.lproj/Main.storyboard; sourceTree = "<group>"; };
		CB9BE9AB1FC8205B00490E7F /* Assets.xcassets */ = {isa = PBXFileReference; lastKnownFileType = folder.assetcatalog; path = Assets.xcassets; sourceTree = "<group>"; };
		CB9BE9AE1FC8205B00490E7F /* Base */ = {isa = PBXFileReference; lastKnownFileType = file.storyboard; name = Base; path = Base.lproj/LaunchScreen.storyboard; sourceTree = "<group>"; };
		CB9BE9B01FC8205B00490E7F /* Info.plist */ = {isa = PBXFileReference; lastKnownFileType = text.plist.xml; path = Info.plist; sourceTree = "<group>"; };
/* End PBXFileReference section */

/* Begin PBXFrameworksBuildPhase section */
		CB9BE99E1FC8205B00490E7F /* Frameworks */ = {
			isa = PBXFrameworksBuildPhase;
			buildActionMask = 2147483647;
			files = (
			);
			runOnlyForDeploymentPostprocessing = 0;
		};
/* End PBXFrameworksBuildPhase section */

/* Begin PBXGroup section */
		CB9BE9981FC8205B00490E7F = {
			isa = PBXGroup;
			children = (
				CB9BE9A31FC8205B00490E7F /* FBAnimation */,
				CB9BE9A21FC8205B00490E7F /* Products */,
			);
			sourceTree = "<group>";
		};
		CB9BE9A21FC8205B00490E7F /* Products */ = {
			isa = PBXGroup;
			children = (
				CB9BE9A11FC8205B00490E7F /* FBAnimation.app */,
			);
			name = Products;
			sourceTree = "<group>";
		};
		CB9BE9A31FC8205B00490E7F /* FBAnimation */ = {
			isa = PBXGroup;
			children = (
				CB9BE9A41FC8205B00490E7F /* AppDelegate.swift */,
				CB9BE9A61FC8205B00490E7F /* ViewController.swift */,
				CB9BE9A81FC8205B00490E7F /* Main.storyboard */,
				CB9BE9AB1FC8205B00490E7F /* Assets.xcassets */,
				CB9BE9AD1FC8205B00490E7F /* LaunchScreen.storyboard */,
				CB9BE9B01FC8205B00490E7F /* Info.plist */,
			);
			path = FBAnimation;
			sourceTree = "<group>";
		};
/* End PBXGroup section */

/* Begin PBXNativeTarget section */
		CB9BE9A01FC8205B00490E7F /* FBAnimation */ = {
			isa = PBXNativeTarget;
			buildConfigurationList = CB9BE9B31FC8205B00490E7F /* Build configuration list for PBXNativeTarget "FBAnimation" */;
			buildPhases = (
				CB9BE99D1FC8205B00490E7F /* Sources */,
				CB9BE99E1FC8205B00490E7F /* Frameworks */,
				CB9BE99F1FC8205B00490E7F /* Resources */,
			);
			buildRules = (
			);
			dependencies = (
			);
			name = FBAnimation;
			productName = FBAnimation;
			productReference = CB9BE9A11FC8205B00490E7F /* FBAnimation.app */;
			productType = "com.apple.product-type.application";
		};
/* End PBXNativeTarget section */

/* Begin PBXProject section */
		CB9BE9991FC8205B00490E7F /* Project object */ = {
			isa = PBXProject;
			attributes = {
				LastSwiftUpdateCheck = 0910;
				LastUpgradeCheck = 0910;
				ORGANIZATIONNAME = sergey.tereshkin;
				TargetAttributes = {
					CB9BE9A01FC8205B00490E7F = {
						CreatedOnToolsVersion = 9.1;
						ProvisioningStyle = Automatic;
					};
				};
			};
			buildConfigurationList = CB9BE99C1FC8205B00490E7F /* Build configuration list for PBXProject "FBAnimation" */;
			compatibilityVersion = "Xcode 8.0";
			developmentRegion = en;
			hasScannedForEncodings = 0;
			knownRegions = (
				en,
				Base,
			);
			mainGroup = CB9BE9981FC8205B00490E7F;
			productRefGroup = CB9BE9A21FC8205B00490E7F /* Products */;
			projectDirPath = "";
			projectRoot = "";
			targets = (
				CB9BE9A01FC8205B00490E7F /* FBAnimation */,
			);
		};
/* End PBXProject section */

/* Begin PBXResourcesBuildPhase section */
		CB9BE99F1FC8205B00490E7F /* Resources */ = {
			isa = PBXResourcesBuildPhase;
			buildActionMask = 2147483647;
			files = (
				CB9BE9AF1FC8205B00490E7F /* LaunchScreen.storyboard in Resources */,
				CB9BE9AC1FC8205B00490E7F /* Assets.xcassets in Resources */,
				CB9BE9AA1FC8205B00490E7F /* Main.storyboard in Resources */,
			);
			runOnlyForDeploymentPostprocessing = 0;
		};
/* End PBXResourcesBuildPhase section */

/* Begin PBXSourcesBuildPhase section */
		CB9BE99D1FC8205B00490E7F /* Sources */ = {
			isa = PBXSourcesBuildPhase;
			buildActionMask = 2147483647;
			files = (
				CB9BE9A71FC8205B00490E7F /* ViewController.swift in Sources */,
				CB9BE9A51FC8205B00490E7F /* AppDelegate.swift in Sources */,
			);
			runOnlyForDeploymentPostprocessing = 0;
		};
/* End PBXSourcesBuildPhase section */

/* Begin PBXVariantGroup section */
		CB9BE9A81FC8205B00490E7F /* Main.storyboard */ = {
			isa = PBXVariantGroup;
			children = (
				CB9BE9A91FC8205B00490E7F /* Base */,
			);
			name = Main.storyboard;
			sourceTree = "<group>";
		};
		CB9BE9AD1FC8205B00490E7F /* LaunchScreen.storyboard */ = {
			isa = PBXVariantGroup;
			children = (
				CB9BE9AE1FC8205B00490E7F /* Base */,
			);
			name = LaunchScreen.storyboard;
			sourceTree = "<group>";
		};
/* End PBXVariantGroup section */

/* Begin XCBuildConfiguration section */
		CB9BE9B11FC8205B00490E7F /* Debug */ = {
			isa = XCBuildConfiguration;
			buildSettings = {
				ALWAYS_SEARCH_USER_PATHS = NO;
				CLANG_ANALYZER_NONNULL = YES;
				CLANG_ANALYZER_NUMBER_OBJECT_CONVERSION = YES_AGGRESSIVE;
				CLANG_CXX_LANGUAGE_STANDARD = "gnu++14";
				CLANG_CXX_LIBRARY = "libc++";
				CLANG_ENABLE_MODULES = YES;
				CLANG_ENABLE_OBJC_ARC = YES;
				CLANG_WARN_BLOCK_CAPTURE_AUTORELEASING = YES;
				CLANG_WARN_BOOL_CONVERSION = YES;
				CLANG_WARN_COMMA = YES;
				CLANG_WARN_CONSTANT_CONVERSION = YES;
				CLANG_WARN_DIRECT_OBJC_ISA_USAGE = YES_ERROR;
				CLANG_WARN_DOCUMENTATION_COMMENTS = YES;
				CLANG_WARN_EMPTY_BODY = YES;
				CLANG_WARN_ENUM_CONVERSION = YES;
				CLANG_WARN_INFINITE_RECURSION = YES;
				CLANG_WARN_INT_CONVERSION = YES;
				CLANG_WARN_NON_LITERAL_NULL_CONVERSION = YES;
				CLANG_WARN_OBJC_LITERAL_CONVERSION = YES;
				CLANG_WARN_OBJC_ROOT_CLASS = YES_ERROR;
				CLANG_WARN_RANGE_LOOP_ANALYSIS = YES;
				CLANG_WARN_STRICT_PROTOTYPES = YES;
				CLANG_WARN_SUSPICIOUS_MOVE = YES;
				CLANG_WARN_UNGUARDED_AVAILABILITY = YES_AGGRESSIVE;
				CLANG_WARN_UNREACHABLE_CODE = YES;
				CLANG_WARN__DUPLICATE_METHOD_MATCH = YES;
				CODE_SIGN_IDENTITY = "iPhone Developer";
				COPY_PHASE_STRIP = NO;
				DEBUG_INFORMATION_FORMAT = dwarf;
				ENABLE_STRICT_OBJC_MSGSEND = YES;
				ENABLE_TESTABILITY = YES;
				GCC_C_LANGUAGE_STANDARD = gnu11;
				GCC_DYNAMIC_NO_PIC = NO;
				GCC_NO_COMMON_BLOCKS = YES;
				GCC_OPTIMIZATION_LEVEL = 0;
				GCC_PREPROCESSOR_DEFINITIONS = (
					"DEBUG=1",
					"$(inherited)",
				);
				GCC_WARN_64_TO_32_BIT_CONVERSION = YES;
				GCC_WARN_ABOUT_RETURN_TYPE = YES_ERROR;
				GCC_WARN_UNDECLARED_SELECTOR = YES;
				GCC_WARN_UNINITIALIZED_AUTOS = YES_AGGRESSIVE;
				GCC_WARN_UNUSED_FUNCTION = YES;
				GCC_WARN_UNUSED_VARIABLE = YES;
				IPHONEOS_DEPLOYMENT_TARGET = 11.1;
				MTL_ENABLE_DEBUG_INFO = YES;
				ONLY_ACTIVE_ARCH = YES;
				SDKROOT = iphoneos;
				SWIFT_ACTIVE_COMPILATION_CONDITIONS = DEBUG;
				SWIFT_OPTIMIZATION_LEVEL = "-Onone";
			};
			name = Debug;
		};
		CB9BE9B21FC8205B00490E7F /* Release */ = {
			isa = XCBuildConfiguration;
			buildSettings = {
				ALWAYS_SEARCH_USER_PATHS = NO;
				CLANG_ANALYZER_NONNULL = YES;
				CLANG_ANALYZER_NUMBER_OBJECT_CONVERSION = YES_AGGRESSIVE;
				CLANG_CXX_LANGUAGE_STANDARD = "gnu++14";
				CLANG_CXX_LIBRARY = "libc++";
				CLANG_ENABLE_MODULES = YES;
				CLANG_ENABLE_OBJC_ARC = YES;
				CLANG_WARN_BLOCK_CAPTURE_AUTORELEASING = YES;
				CLANG_WARN_BOOL_CONVERSION = YES;
				CLANG_WARN_COMMA = YES;
				CLANG_WARN_CONSTANT_CONVERSION = YES;
				CLANG_WARN_DIRECT_OBJC_ISA_USAGE = YES_ERROR;
				CLANG_WARN_DOCUMENTATION_COMMENTS = YES;
				CLANG_WARN_EMPTY_BODY = YES;
				CLANG_WARN_ENUM_CONVERSION = YES;
				CLANG_WARN_INFINITE_RECURSION = YES;
				CLANG_WARN_INT_CONVERSION = YES;
				CLANG_WARN_NON_LITERAL_NULL_CONVERSION = YES;
				CLANG_WARN_OBJC_LITERAL_CONVERSION = YES;
				CLANG_WARN_OBJC_ROOT_CLASS = YES_ERROR;
				CLANG_WARN_RANGE_LOOP_ANALYSIS = YES;
				CLANG_WARN_STRICT_PROTOTYPES = YES;
				CLANG_WARN_SUSPICIOUS_MOVE = YES;
				CLANG_WARN_UNGUARDED_AVAILABILITY = YES_AGGRESSIVE;
				CLANG_WARN_UNREACHABLE_CODE = YES;
				CLANG_WARN__DUPLICATE_METHOD_MATCH = YES;
				CODE_SIGN_IDENTITY = "iPhone Developer";
				COPY_PHASE_STRIP = NO;
				DEBUG_INFORMATION_FORMAT = "dwarf-with-dsym";
				ENABLE_NS_ASSERTIONS = NO;
				ENABLE_STRICT_OBJC_MSGSEND = YES;
				GCC_C_LANGUAGE_STANDARD = gnu11;
				GCC_NO_COMMON_BLOCKS = YES;
				GCC_WARN_64_TO_32_BIT_CONVERSION = YES;
				GCC_WARN_ABOUT_RETURN_TYPE = YES_ERROR;
				GCC_WARN_UNDECLARED_SELECTOR = YES;
				GCC_WARN_UNINITIALIZED_AUTOS = YES_AGGRESSIVE;
				GCC_WARN_UNUSED_FUNCTION = YES;
				GCC_WARN_UNUSED_VARIABLE = YES;
				IPHONEOS_DEPLOYMENT_TARGET = 11.1;
				MTL_ENABLE_DEBUG_INFO = NO;
				SDKROOT = iphoneos;
				SWIFT_OPTIMIZATION_LEVEL = "-Owholemodule";
				VALIDATE_PRODUCT = YES;
			};
			name = Release;
		};
		CB9BE9B41FC8205B00490E7F /* Debug */ = {
			isa = XCBuildConfiguration;
			buildSettings = {
				ASSETCATALOG_COMPILER_APPICON_NAME = AppIcon;
				CODE_SIGN_STYLE = Automatic;
				DEVELOPMENT_TEAM = BS28VN32MJ;
				INFOPLIST_FILE = FBAnimation/Info.plist;
				LD_RUNPATH_SEARCH_PATHS = "$(inherited) @executable_path/Frameworks";
				PRODUCT_BUNDLE_IDENTIFIER = organization.FBAnimation;
				PRODUCT_NAME = "$(TARGET_NAME)";
				SWIFT_VERSION = 4.0;
				TARGETED_DEVICE_FAMILY = "1,2";
			};
			name = Debug;
		};
		CB9BE9B51FC8205B00490E7F /* Release */ = {
			isa = XCBuildConfiguration;
			buildSettings = {
				ASSETCATALOG_COMPILER_APPICON_NAME = AppIcon;
				CODE_SIGN_STYLE = Automatic;
				DEVELOPMENT_TEAM = BS28VN32MJ;
				INFOPLIST_FILE = FBAnimation/Info.plist;
				LD_RUNPATH_SEARCH_PATHS = "$(inherited) @executable_path/Frameworks";
				PRODUCT_BUNDLE_IDENTIFIER = organization.FBAnimation;
				PRODUCT_NAME = "$(TARGET_NAME)";
				SWIFT_VERSION = 4.0;
				TARGETED_DEVICE_FAMILY = "1,2";
			};
			name = Release;
		};
/* End XCBuildConfiguration section */

/* Begin XCConfigurationList section */
		CB9BE99C1FC8205B00490E7F /* Build configuration list for PBXProject "FBAnimation" */ = {
			isa = XCConfigurationList;
			buildConfigurations = (
				CB9BE9B11FC8205B00490E7F /* Debug */,
				CB9BE9B21FC8205B00490E7F /* Release */,
			);
			defaultConfigurationIsVisible = 0;
			defaultConfigurationName = Release;
		};
		CB9BE9B31FC8205B00490E7F /* Build configuration list for PBXNativeTarget "FBAnimation" */ = {
			isa = XCConfigurationList;
			buildConfigurations = (
				CB9BE9B41FC8205B00490E7F /* Debug */,
				CB9BE9B51FC8205B00490E7F /* Release */,
			);
			defaultConfigurationIsVisible = 0;
			defaultConfigurationName = Release;
		};
/* End XCConfigurationList section */
	};
	rootObject = CB9BE9991FC8205B00490E7F /* Project object */;
}
